
Microsoft Visual Studio Solution File, Format Version 12.00
# Visual Studio 15
VisualStudioVersion = 15.0.27428.2037
MinimumVisualStudioVersion = 10.0.40219.1
Project("{FAE04EC0-301F-11D3-BF4B-00C04F79EFBC}") = "KDitNow", "KDitNow\KDitNow.csproj", "{78F11830-0FB7-439D-9A9D-B4D99952E8BB}"
EndProject
Project("{FAE04EC0-301F-11D3-BF4B-00C04F79EFBC}") = "KDitNow.Tests", "KDitNow.Tests\KDitNow.Tests.csproj", "{38818E38-BDD3-4FEC-8E5E-0518177A5529}"
EndProject
Global
	GlobalSection(SolutionConfigurationPlatforms) = preSolution
		Debug|Any CPU = Debug|Any CPU
		Release|Any CPU = Release|Any CPU
	EndGlobalSection
	GlobalSection(ProjectConfigurationPlatforms) = postSolution
		{78F11830-0FB7-439D-9A9D-B4D99952E8BB}.Debug|Any CPU.ActiveCfg = Debug|Any CPU
		{78F11830-0FB7-439D-9A9D-B4D99952E8BB}.Debug|Any CPU.Build.0 = Debug|Any CPU
		{78F11830-0FB7-439D-9A9D-B4D99952E8BB}.Release|Any CPU.ActiveCfg = Release|Any CPU
		{78F11830-0FB7-439D-9A9D-B4D99952E8BB}.Release|Any CPU.Build.0 = Release|Any CPU
		{38818E38-BDD3-4FEC-8E5E-0518177A5529}.Debug|Any CPU.ActiveCfg = Debug|Any CPU
		{38818E38-BDD3-4FEC-8E5E-0518177A5529}.Debug|Any CPU.Build.0 = Debug|Any CPU
		{38818E38-BDD3-4FEC-8E5E-0518177A5529}.Release|Any CPU.ActiveCfg = Release|Any CPU
		{38818E38-BDD3-4FEC-8E5E-0518177A5529}.Release|Any CPU.Build.0 = Release|Any CPU
	EndGlobalSection
	GlobalSection(SolutionProperties) = preSolution
		HideSolutionNode = FALSE
	EndGlobalSection
	GlobalSection(ExtensibilityGlobals) = postSolution
		SolutionGuid = {8DE1613E-4950-4E7C-981A-1C473B5E8330}
	EndGlobalSection
EndGlobal
